// !$*UTF8*$!
{
	archiveVersion = 1;
	classes = {
	};
	objectVersion = 46;
	objects = {

/* Begin PBXBuildFile section */
		59263CDE1F60C07D00F98F11 /* AppDelegate.swift in Sources */ = {isa = PBXBuildFile; fileRef = 59263CDD1F60C07C00F98F11 /* AppDelegate.swift */; };
		59263CE31F60C07D00F98F11 /* Main.storyboard in Resources */ = {isa = PBXBuildFile; fileRef = 59263CE11F60C07D00F98F11 /* Main.storyboard */; };
		59263CE51F60C07D00F98F11 /* Assets.xcassets in Resources */ = {isa = PBXBuildFile; fileRef = 59263CE41F60C07D00F98F11 /* Assets.xcassets */; };
		59263CE81F60C07D00F98F11 /* LaunchScreen.storyboard in Resources */ = {isa = PBXBuildFile; fileRef = 59263CE61F60C07D00F98F11 /* LaunchScreen.storyboard */; };
/* End PBXBuildFile section */

/* Begin PBXFileReference section */
		59263CDA1F60C07C00F98F11 /* MiPing.app */ = {isa = PBXFileReference; explicitFileType = wrapper.application; includeInIndex = 0; path = MiPing.app; sourceTree = BUILT_PRODUCTS_DIR; };
		59263CDD1F60C07C00F98F11 /* AppDelegate.swift */ = {isa = PBXFileReference; lastKnownFileType = sourcecode.swift; path = AppDelegate.swift; sourceTree = "<group>"; };
		59263CE21F60C07D00F98F11 /* Base */ = {isa = PBXFileReference; lastKnownFileType = file.storyboard; name = Base; path = Base.lproj/Main.storyboard; sourceTree = "<group>"; };
		59263CE41F60C07D00F98F11 /* Assets.xcassets */ = {isa = PBXFileReference; lastKnownFileType = folder.assetcatalog; path = Assets.xcassets; sourceTree = "<group>"; };
		59263CE71F60C07D00F98F11 /* Base */ = {isa = PBXFileReference; lastKnownFileType = file.storyboard; name = Base; path = Base.lproj/LaunchScreen.storyboard; sourceTree = "<group>"; };
		59263CE91F60C07D00F98F11 /* Info.plist */ = {isa = PBXFileReference; lastKnownFileType = text.plist.xml; path = Info.plist; sourceTree = "<group>"; };
/* End PBXFileReference section */

/* Begin PBXFrameworksBuildPhase section */
		59263CD71F60C07C00F98F11 /* Frameworks */ = {
			isa = PBXFrameworksBuildPhase;
			buildActionMask = 2147483647;
			files = (
			);
			runOnlyForDeploymentPostprocessing = 0;
		};
/* End PBXFrameworksBuildPhase section */

/* Begin PBXGroup section */
		59263CD11F60C07C00F98F11 = {
			isa = PBXGroup;
			children = (
				59263CDC1F60C07C00F98F11 /* MiPing */,
				59263CDB1F60C07C00F98F11 /* Products */,
			);
			sourceTree = "<group>";
		};
		59263CDB1F60C07C00F98F11 /* Products */ = {
			isa = PBXGroup;
			children = (
				59263CDA1F60C07C00F98F11 /* MiPing.app */,
			);
			name = Products;
			sourceTree = "<group>";
		};
		59263CDC1F60C07C00F98F11 /* MiPing */ = {
			isa = PBXGroup;
			children = (
				59263CDD1F60C07C00F98F11 /* AppDelegate.swift */,
				5947E3011F611ABC00092514 /* Classes */,
				59263CE11F60C07D00F98F11 /* Main.storyboard */,
				59263CE41F60C07D00F98F11 /* Assets.xcassets */,
				59263CE61F60C07D00F98F11 /* LaunchScreen.storyboard */,
				59263CE91F60C07D00F98F11 /* Info.plist */,
			);
			path = MiPing;
			sourceTree = "<group>";
		};
		5947E3011F611ABC00092514 /* Classes */ = {
			isa = PBXGroup;
			children = (
				5947E3041F611ABC00092514 /* Main */,
				5947E3031F611ABC00092514 /* Home */,
				5947E3061F611ABC00092514 /* Room */,
				5947E3051F611ABC00092514 /* Profile */,
				5947E3021F611ABC00092514 /* Follow */,
				5947E3071F611ABC00092514 /* Tools */,
			);
			path = Classes;
			sourceTree = "<group>";
		};
		5947E3021F611ABC00092514 /* Follow */ = {
			isa = PBXGroup;
			children = (
			);
			path = Follow;
			sourceTree = "<group>";
		};
		5947E3031F611ABC00092514 /* Home */ = {
			isa = PBXGroup;
			children = (
			);
			path = Home;
			sourceTree = "<group>";
		};
		5947E3041F611ABC00092514 /* Main */ = {
			isa = PBXGroup;
			children = (
			);
			path = Main;
			sourceTree = "<group>";
		};
		5947E3051F611ABC00092514 /* Profile */ = {
			isa = PBXGroup;
			children = (
			);
			path = Profile;
			sourceTree = "<group>";
		};
		5947E3061F611ABC00092514 /* Room */ = {
			isa = PBXGroup;
			children = (
			);
			path = Room;
			sourceTree = "<group>";
		};
		5947E3071F611ABC00092514 /* Tools */ = {
			isa = PBXGroup;
			children = (
			);
			path = Tools;
			sourceTree = "<group>";
		};
/* End PBXGroup section */

/* Begin PBXNativeTarget section */
		59263CD91F60C07C00F98F11 /* MiPing */ = {
			isa = PBXNativeTarget;
			buildConfigurationList = 59263CEC1F60C07D00F98F11 /* Build configuration list for PBXNativeTarget "MiPing" */;
			buildPhases = (
				59263CD61F60C07C00F98F11 /* Sources */,
				59263CD71F60C07C00F98F11 /* Frameworks */,
				59263CD81F60C07C00F98F11 /* Resources */,
			);
			buildRules = (
			);
			dependencies = (
			);
			name = MiPing;
			productName = MiPing;
			productReference = 59263CDA1F60C07C00F98F11 /* MiPing.app */;
			productType = "com.apple.product-type.application";
		};
/* End PBXNativeTarget section */

/* Begin PBXProject section */
		59263CD21F60C07C00F98F11 /* Project object */ = {
			isa = PBXProject;
			attributes = {
				LastSwiftUpdateCheck = 0830;
				LastUpgradeCheck = 0900;
				ORGANIZATIONNAME = dacai;
				TargetAttributes = {
					59263CD91F60C07C00F98F11 = {
						CreatedOnToolsVersion = 8.3.3;
						DevelopmentTeam = RNF94H3R84;
						LastSwiftMigration = 0900;
						ProvisioningStyle = Automatic;
					};
				};
			};
			buildConfigurationList = 59263CD51F60C07C00F98F11 /* Build configuration list for PBXProject "MiPing" */;
			compatibilityVersion = "Xcode 3.2";
			developmentRegion = English;
			hasScannedForEncodings = 0;
			knownRegions = (
				en,
				Base,
			);
			mainGroup = 59263CD11F60C07C00F98F11;
			productRefGroup = 59263CDB1F60C07C00F98F11 /* Products */;
			projectDirPath = "";
			projectRoot = "";
			targets = (
				59263CD91F60C07C00F98F11 /* MiPing */,
			);
		};
/* End PBXProject section */

/* Begin PBXResourcesBuildPhase section */
		59263CD81F60C07C00F98F11 /* Resources */ = {
			isa = PBXResourcesBuildPhase;
			buildActionMask = 2147483647;
			files = (
				59263CE81F60C07D00F98F11 /* LaunchScreen.storyboard in Resources */,
				59263CE51F60C07D00F98F11 /* Assets.xcassets in Resources */,
				59263CE31F60C07D00F98F11 /* Main.storyboard in Resources */,
			);
			runOnlyForDeploymentPostprocessing = 0;
		};
/* End PBXResourcesBuildPhase section */

/* Begin PBXSourcesBuildPhase section */
		59263CD61F60C07C00F98F11 /* Sources */ = {
			isa = PBXSourcesBuildPhase;
			buildActionMask = 2147483647;
			files = (
				59263CDE1F60C07D00F98F11 /* AppDelegate.swift in Sources */,
			);
			runOnlyForDeploymentPostprocessing = 0;
		};
/* End PBXSourcesBuildPhase section */

/* Begin PBXVariantGroup section */
		59263CE11F60C07D00F98F11 /* Main.storyboard */ = {
			isa = PBXVariantGroup;
			children = (
				59263CE21F60C07D00F98F11 /* Base */,
			);
			name = Main.storyboard;
			sourceTree = "<group>";
		};
		59263CE61F60C07D00F98F11 /* LaunchScreen.storyboard */ = {
			isa = PBXVariantGroup;
			children = (
				59263CE71F60C07D00F98F11 /* Base */,
			);
			name = LaunchScreen.storyboard;
			sourceTree = "<group>";
		};
/* End PBXVariantGroup section */

/* Begin XCBuildConfiguration section */
		59263CEA1F60C07D00F98F11 /* Debug */ = {
			isa = XCBuildConfiguration;
			buildSettings = {
				ALWAYS_SEARCH_USER_PATHS = NO;
				CLANG_ANALYZER_NONNULL = YES;
				CLANG_ANALYZER_NUMBER_OBJECT_CONVERSION = YES_AGGRESSIVE;
				CLANG_CXX_LANGUAGE_STANDARD = "gnu++0x";
				CLANG_CXX_LIBRARY = "libc++";
				CLANG_ENABLE_MODULES = YES;
				CLANG_ENABLE_OBJC_ARC = YES;
				CLANG_WARN_BLOCK_CAPTURE_AUTORELEASING = YES;
				CLANG_WARN_BOOL_CONVERSION = YES;
				CLANG_WARN_COMMA = YES;
				CLANG_WARN_CONSTANT_CONVERSION = YES;
				CLANG_WARN_DIRECT_OBJC_ISA_USAGE = YES_ERROR;
				CLANG_WARN_DOCUMENTATION_COMMENTS = YES;
				CLANG_WARN_EMPTY_BODY = YES;
				CLANG_WARN_ENUM_CONVERSION = YES;
				CLANG_WARN_INFINITE_RECURSION = YES;
				CLANG_WARN_INT_CONVERSION = YES;
				CLANG_WARN_NON_LITERAL_NULL_CONVERSION = YES;
				CLANG_WARN_OBJC_LITERAL_CONVERSION = YES;
				CLANG_WARN_OBJC_ROOT_CLASS = YES_ERROR;
				CLANG_WARN_RANGE_LOOP_ANALYSIS = YES;
				CLANG_WARN_STRICT_PROTOTYPES = YES;
				CLANG_WARN_SUSPICIOUS_MOVE = YES;
				CLANG_WARN_UNREACHABLE_CODE = YES;
				CLANG_WARN__DUPLICATE_METHOD_MATCH = YES;
				"CODE_SIGN_IDENTITY[sdk=iphoneos*]" = "iPhone Developer";
				COPY_PHASE_STRIP = NO;
				DEBUG_INFORMATION_FORMAT = dwarf;
				ENABLE_STRICT_OBJC_MSGSEND = YES;
				ENABLE_TESTABILITY = YES;
				GCC_C_LANGUAGE_STANDARD = gnu99;
				GCC_DYNAMIC_NO_PIC = NO;
				GCC_NO_COMMON_BLOCKS = YES;
				GCC_OPTIMIZATION_LEVEL = 0;
				GCC_PREPROCESSOR_DEFINITIONS = (
					"DEBUG=1",
					"$(inherited)",
				);
				GCC_WARN_64_TO_32_BIT_CONVERSION = YES;
				GCC_WARN_ABOUT_RETURN_TYPE = YES_ERROR;
				GCC_WARN_UNDECLARED_SELECTOR = YES;
				GCC_WARN_UNINITIALIZED_AUTOS = YES_AGGRESSIVE;
				GCC_WARN_UNUSED_FUNCTION = YES;
				GCC_WARN_UNUSED_VARIABLE = YES;
				IPHONEOS_DEPLOYMENT_TARGET = 10.3;
				MTL_ENABLE_DEBUG_INFO = YES;
				ONLY_ACTIVE_ARCH = YES;
				SDKROOT = iphoneos;
				SWIFT_ACTIVE_COMPILATION_CONDITIONS = DEBUG;
				SWIFT_OPTIMIZATION_LEVEL = "-Onone";
			};
			name = Debug;
		};
		59263CEB1F60C07D00F98F11 /* Release */ = {
			isa = XCBuildConfiguration;
			buildSettings = {
				ALWAYS_SEARCH_USER_PATHS = NO;
				CLANG_ANALYZER_NONNULL = YES;
				CLANG_ANALYZER_NUMBER_OBJECT_CONVERSION = YES_AGGRESSIVE;
				CLANG_CXX_LANGUAGE_STANDARD = "gnu++0x";
				CLANG_CXX_LIBRARY = "libc++";
				CLANG_ENABLE_MODULES = YES;
				CLANG_ENABLE_OBJC_ARC = YES;
				CLANG_WARN_BLOCK_CAPTURE_AUTORELEASING = YES;
				CLANG_WARN_BOOL_CONVERSION = YES;
				CLANG_WARN_COMMA = YES;
				CLANG_WARN_CONSTANT_CONVERSION = YES;
				CLANG_WARN_DIRECT_OBJC_ISA_USAGE = YES_ERROR;
				CLANG_WARN_DOCUMENTATION_COMMENTS = YES;
				CLANG_WARN_EMPTY_BODY = YES;
				CLANG_WARN_ENUM_CONVERSION = YES;
				CLANG_WARN_INFINITE_RECURSION = YES;
				CLANG_WARN_INT_CONVERSION = YES;
				CLANG_WARN_NON_LITERAL_NULL_CONVERSION = YES;
				CLANG_WARN_OBJC_LITERAL_CONVERSION = YES;
				CLANG_WARN_OBJC_ROOT_CLASS = YES_ERROR;
				CLANG_WARN_RANGE_LOOP_ANALYSIS = YES;
				CLANG_WARN_STRICT_PROTOTYPES = YES;
				CLANG_WARN_SUSPICIOUS_MOVE = YES;
				CLANG_WARN_UNREACHABLE_CODE = YES;
				CLANG_WARN__DUPLICATE_METHOD_MATCH = YES;
				"CODE_SIGN_IDENTITY[sdk=iphoneos*]" = "iPhone Developer";
				COPY_PHASE_STRIP = NO;
				DEBUG_INFORMATION_FORMAT = "dwarf-with-dsym";
				ENABLE_NS_ASSERTIONS = NO;
				ENABLE_STRICT_OBJC_MSGSEND = YES;
				GCC_C_LANGUAGE_STANDARD = gnu99;
				GCC_NO_COMMON_BLOCKS = YES;
				GCC_WARN_64_TO_32_BIT_CONVERSION = YES;
				GCC_WARN_ABOUT_RETURN_TYPE = YES_ERROR;
				GCC_WARN_UNDECLARED_SELECTOR = YES;
				GCC_WARN_UNINITIALIZED_AUTOS = YES_AGGRESSIVE;
				GCC_WARN_UNUSED_FUNCTION = YES;
				GCC_WARN_UNUSED_VARIABLE = YES;
				IPHONEOS_DEPLOYMENT_TARGET = 10.3;
				MTL_ENABLE_DEBUG_INFO = NO;
				SDKROOT = iphoneos;
				SWIFT_OPTIMIZATION_LEVEL = "-Owholemodule";
				VALIDATE_PRODUCT = YES;
			};
			name = Release;
		};
		59263CED1F60C07D00F98F11 /* Debug */ = {
			isa = XCBuildConfiguration;
			buildSettings = {
				ASSETCATALOG_COMPILER_APPICON_NAME = AppIcon;
				ASSETCATALOG_COMPILER_LAUNCHIMAGE_NAME = LaunchImage;
				DEVELOPMENT_TEAM = RNF94H3R84;
				INFOPLIST_FILE = MiPing/Info.plist;
				IPHONEOS_DEPLOYMENT_TARGET = 9.0;
				LD_RUNPATH_SEARCH_PATHS = "$(inherited) @executable_path/Frameworks";
				PRODUCT_BUNDLE_IDENTIFIER = com.imiping.MiPing;
				PRODUCT_NAME = "$(TARGET_NAME)";
				SWIFT_SWIFT3_OBJC_INFERENCE = Off;
				SWIFT_VERSION = 4.0;
			};
			name = Debug;
		};
		59263CEE1F60C07D00F98F11 /* Release */ = {
			isa = XCBuildConfiguration;
			buildSettings = {
				ASSETCATALOG_COMPILER_APPICON_NAME = AppIcon;
				ASSETCATALOG_COMPILER_LAUNCHIMAGE_NAME = LaunchImage;
				DEVELOPMENT_TEAM = RNF94H3R84;
				INFOPLIST_FILE = MiPing/Info.plist;
				IPHONEOS_DEPLOYMENT_TARGET = 9.0;
				LD_RUNPATH_SEARCH_PATHS = "$(inherited) @executable_path/Frameworks";
				PRODUCT_BUNDLE_IDENTIFIER = com.imiping.MiPing;
				PRODUCT_NAME = "$(TARGET_NAME)";
				SWIFT_SWIFT3_OBJC_INFERENCE = Off;
				SWIFT_VERSION = 4.0;
			};
			name = Release;
		};
/* End XCBuildConfiguration section */

/* Begin XCConfigurationList section */
		59263CD51F60C07C00F98F11 /* Build configuration list for PBXProject "MiPing" */ = {
			isa = XCConfigurationList;
			buildConfigurations = (
				59263CEA1F60C07D00F98F11 /* Debug */,
				59263CEB1F60C07D00F98F11 /* Release */,
			);
			defaultConfigurationIsVisible = 0;
			defaultConfigurationName = Release;
		};
		59263CEC1F60C07D00F98F11 /* Build configuration list for PBXNativeTarget "MiPing" */ = {
			isa = XCConfigurationList;
			buildConfigurations = (
				59263CED1F60C07D00F98F11 /* Debug */,
				59263CEE1F60C07D00F98F11 /* Release */,
			);
			defaultConfigurationIsVisible = 0;
			defaultConfigurationName = Release;
		};
/* End XCConfigurationList section */
	};
	rootObject = 59263CD21F60C07C00F98F11 /* Project object */;
}
